{
  "originHash" : "8233e8b7dde0d4b076364d969ffee7d055c7869dc9f8c3fd4b3aad24b0acfc30",
  "pins" : [
    {
      "identity" : "keyboardshortcuts",
      "kind" : "remoteSourceControl",
      "location" : "https://github.com/sindresorhus/KeyboardShortcuts",
      "state" : {
        "revision" : "49c3fc04ea827f816df67843bfcc57286b47ff06",
        "version" : "3.0.1"
      }
    }
  ],
  "version" : 3
}
