// !$*UTF8*$!
{
	archiveVersion = 1;
	classes = {
	};
	objectVersion = 77;
	objects = {

/* Begin PBXBuildFile section */
		KADR000000000000000000C8 /* Shared in Frameworks */ = {isa = PBXBuildFile; productRef = KADR00000000000000000064 /* Shared */; };
		KADR000000000000000000C9 /* CaptureCore in Frameworks */ = {isa = PBXBuildFile; productRef = KADR00000000000000000065 /* CaptureCore */; };
		KADR000000000000000000CA /* OverlayKit in Frameworks */ = {isa = PBXBuildFile; productRef = KADR00000000000000000066 /* OverlayKit */; };
		KADR000000000000000000CB /* AnnotationModel in Frameworks */ = {isa = PBXBuildFile; productRef = KADR00000000000000000067 /* AnnotationModel */; };
		KADR000000000000000000CC /* MediaExport in Frameworks */ = {isa = PBXBuildFile; productRef = KADR00000000000000000068 /* MediaExport */; };
		KADR000000000000000000CD /* AutomationKit in Frameworks */ = {isa = PBXBuildFile; productRef = KADR00000000000000000069 /* AutomationKit */; };
		KADR000000000000000000CE /* SettingsKit in Frameworks */ = {isa = PBXBuildFile; productRef = KADR0000000000000000006A /* SettingsKit */; };
		KADR000000000000000000CF /* RecordingCore in Frameworks */ = {isa = PBXBuildFile; productRef = KADR0000000000000000006B /* RecordingCore */; };
		KADR000000000000000000FE /* StudioCore in Frameworks */ = {isa = PBXBuildFile; productRef = KADR000000000000000000FF /* StudioCore */; };
		KADR000000000000000000D0 /* SelectionUI in Frameworks */ = {isa = PBXBuildFile; productRef = KADR0000000000000000006C /* SelectionUI */; };
		KADR000000000000000000D1 /* AnnotationRender in Frameworks */ = {isa = PBXBuildFile; productRef = KADR0000000000000000006D /* AnnotationRender */; };
		KADR000000000000000000D2 /* HistoryKit in Frameworks */ = {isa = PBXBuildFile; productRef = KADR0000000000000000006E /* HistoryKit */; };
		KADR00000000000000000302 /* KeyboardShortcuts in Frameworks */ = {isa = PBXBuildFile; productRef = KADR00000000000000000301 /* KeyboardShortcuts */; };
		KADR0000000000000000040A /* KadrEditor.app in Embed Editor */ = {isa = PBXBuildFile; fileRef = KADR00000000000000000401 /* KadrEditor.app */; };
		KADR00000000000000000440 /* Shared in Frameworks */ = {isa = PBXBuildFile; productRef = KADR00000000000000000420 /* Shared */; };
		KADR00000000000000000441 /* AnnotationModel in Frameworks */ = {isa = PBXBuildFile; productRef = KADR00000000000000000421 /* AnnotationModel */; };
		KADR00000000000000000442 /* AnnotationRender in Frameworks */ = {isa = PBXBuildFile; productRef = KADR00000000000000000422 /* AnnotationRender */; };
		KADR00000000000000000443 /* MediaExport in Frameworks */ = {isa = PBXBuildFile; productRef = KADR00000000000000000423 /* MediaExport */; };
		KADR00000000000000000444 /* EditorUI in Frameworks */ = {isa = PBXBuildFile; productRef = KADR00000000000000000424 /* EditorUI */; };
		KADR0000000000000000050A /* HelperTools.xpc in Embed XPC Services */ = {isa = PBXBuildFile; fileRef = KADR00000000000000000501 /* HelperTools.xpc */; };
		KADR00000000000000000540 /* Shared in Frameworks */ = {isa = PBXBuildFile; productRef = KADR00000000000000000520 /* Shared */; };
		KADR00000000000000000541 /* VisionServices in Frameworks */ = {isa = PBXBuildFile; productRef = KADR00000000000000000521 /* VisionServices */; };
		KADR00000000000000000542 /* MediaExport in Frameworks */ = {isa = PBXBuildFile; productRef = KADR00000000000000000522 /* MediaExport */; };
		KADR00000000000000000602 /* Sparkle in Frameworks */ = {isa = PBXBuildFile; productRef = KADR00000000000000000601 /* Sparkle */; };
		KADR0000000000000000070A /* kadr in Embed CLI */ = {isa = PBXBuildFile; fileRef = KADR00000000000000000701 /* kadr */; };
		KADR00000000000000000740 /* Shared in Frameworks */ = {isa = PBXBuildFile; productRef = KADR00000000000000000720 /* Shared */; };
		KADR00000000000000000741 /* AutomationKit in Frameworks */ = {isa = PBXBuildFile; productRef = KADR00000000000000000721 /* AutomationKit */; };
/* End PBXBuildFile section */

/* Begin PBXContainerItemProxy section */
		F5F2A2453040394B00A5DC07 /* PBXContainerItemProxy */ = {
			isa = PBXContainerItemProxy;
			containerPortal = F5F2A22F3040394A00A5DC07 /* Project object */;
			proxyType = 1;
			remoteGlobalIDString = F5F2A2363040394A00A5DC07;
			remoteInfo = Kadr;
		};
		KADR0000000000000000040C /* PBXContainerItemProxy */ = {
			isa = PBXContainerItemProxy;
			containerPortal = F5F2A22F3040394A00A5DC07 /* Project object */;
			proxyType = 1;
			remoteGlobalIDString = KADR00000000000000000400;
			remoteInfo = KadrEditor;
		};
		KADR0000000000000000050C /* PBXContainerItemProxy */ = {
			isa = PBXContainerItemProxy;
			containerPortal = F5F2A22F3040394A00A5DC07 /* Project object */;
			proxyType = 1;
			remoteGlobalIDString = KADR00000000000000000500;
			remoteInfo = HelperTools;
		};
		KADR0000000000000000070C /* PBXContainerItemProxy */ = {
			isa = PBXContainerItemProxy;
			containerPortal = F5F2A22F3040394A00A5DC07 /* Project object */;
			proxyType = 1;
			remoteGlobalIDString = KADR00000000000000000700;
			remoteInfo = KadrCLI;
		};
/* End PBXContainerItemProxy section */

/* Begin PBXCopyFilesBuildPhase section */
		KADR00000000000000000409 /* Embed Editor */ = {
			isa = PBXCopyFilesBuildPhase;
			buildActionMask = 2147483647;
			dstPath = Contents/Applications;
			dstSubfolderSpec = 1;
			files = (
				KADR0000000000000000040A /* KadrEditor.app in Embed Editor */,
			);
			name = "Embed Editor";
			runOnlyForDeploymentPostprocessing = 0;
		};
		KADR00000000000000000509 /* Embed XPC Services */ = {
			isa = PBXCopyFilesBuildPhase;
			buildActionMask = 2147483647;
			dstPath = Contents/XPCServices;
			dstSubfolderSpec = 1;
			files = (
				KADR0000000000000000050A /* HelperTools.xpc in Embed XPC Services */,
			);
			name = "Embed XPC Services";
			runOnlyForDeploymentPostprocessing = 0;
		};
		KADR00000000000000000709 /* Embed CLI */ = {
			isa = PBXCopyFilesBuildPhase;
			buildActionMask = 2147483647;
			dstPath = Contents/Helpers;
			dstSubfolderSpec = 1;
			files = (
				KADR0000000000000000070A /* kadr in Embed CLI */,
			);
			name = "Embed CLI";
			runOnlyForDeploymentPostprocessing = 0;
		};
/* End PBXCopyFilesBuildPhase section */

/* Begin PBXFileReference section */
		F5F2A2373040394A00A5DC07 /* Kadr.app */ = {isa = PBXFileReference; explicitFileType = wrapper.application; includeInIndex = 0; path = Kadr.app; sourceTree = BUILT_PRODUCTS_DIR; };
		F5F2A2443040394B00A5DC07 /* KadrTests.xctest */ = {isa = PBXFileReference; explicitFileType = wrapper.cfbundle; includeInIndex = 0; path = KadrTests.xctest; sourceTree = BUILT_PRODUCTS_DIR; };
		KADR00000000000000000401 /* KadrEditor.app */ = {isa = PBXFileReference; explicitFileType = wrapper.application; includeInIndex = 0; path = KadrEditor.app; sourceTree = BUILT_PRODUCTS_DIR; };
		KADR00000000000000000501 /* HelperTools.xpc */ = {isa = PBXFileReference; explicitFileType = "wrapper.xpc-service"; includeInIndex = 0; path = HelperTools.xpc; sourceTree = BUILT_PRODUCTS_DIR; };
		KADR00000000000000000701 /* kadr */ = {isa = PBXFileReference; explicitFileType = "compiled.mach-o.executable"; includeInIndex = 0; path = kadr; sourceTree = BUILT_PRODUCTS_DIR; };
/* End PBXFileReference section */

/* Begin PBXFileSystemSynchronizedRootGroup section */
		F5F2A2393040394A00A5DC07 /* Kadr */ = {
			isa = PBXFileSystemSynchronizedRootGroup;
			path = Kadr;
			sourceTree = "<group>";
		};
		F5F2A2473040394B00A5DC07 /* KadrTests */ = {
			isa = PBXFileSystemSynchronizedRootGroup;
			path = KadrTests;
			sourceTree = "<group>";
		};
		KADR00000000000000000402 /* KadrEditor */ = {
			isa = PBXFileSystemSynchronizedRootGroup;
			path = KadrEditor;
			sourceTree = "<group>";
		};
		KADR00000000000000000502 /* HelperTools */ = {
			isa = PBXFileSystemSynchronizedRootGroup;
			path = HelperTools;
			sourceTree = "<group>";
		};
		KADR00000000000000000702 /* KadrCLI */ = {
			isa = PBXFileSystemSynchronizedRootGroup;
			path = KadrCLI;
			sourceTree = "<group>";
		};
/* End PBXFileSystemSynchronizedRootGroup section */

/* Begin PBXFrameworksBuildPhase section */
		F5F2A2343040394A00A5DC07 /* Frameworks */ = {
			isa = PBXFrameworksBuildPhase;
			buildActionMask = 2147483647;
			files = (
				KADR00000000000000000302 /* KeyboardShortcuts in Frameworks */,
				KADR00000000000000000602 /* Sparkle in Frameworks */,
				KADR000000000000000000C8 /* Shared in Frameworks */,
				KADR000000000000000000C9 /* CaptureCore in Frameworks */,
				KADR000000000000000000CA /* OverlayKit in Frameworks */,
				KADR000000000000000000CB /* AnnotationModel in Frameworks */,
				KADR000000000000000000CC /* MediaExport in Frameworks */,
				KADR000000000000000000CD /* AutomationKit in Frameworks */,
				KADR000000000000000000CE /* SettingsKit in Frameworks */,
				KADR000000000000000000CF /* RecordingCore in Frameworks */,
				KADR000000000000000000FE /* StudioCore in Frameworks */,
				KADR000000000000000000D0 /* SelectionUI in Frameworks */,
				KADR000000000000000000D1 /* AnnotationRender in Frameworks */,
				KADR000000000000000000D2 /* HistoryKit in Frameworks */,
			);
			runOnlyForDeploymentPostprocessing = 0;
		};
		F5F2A2413040394B00A5DC07 /* Frameworks */ = {
			isa = PBXFrameworksBuildPhase;
			buildActionMask = 2147483647;
			files = (
			);
			runOnlyForDeploymentPostprocessing = 0;
		};
		KADR00000000000000000404 /* Frameworks */ = {
			isa = PBXFrameworksBuildPhase;
			buildActionMask = 2147483647;
			files = (
				KADR00000000000000000440 /* Shared in Frameworks */,
				KADR00000000000000000441 /* AnnotationModel in Frameworks */,
				KADR00000000000000000442 /* AnnotationRender in Frameworks */,
				KADR00000000000000000443 /* MediaExport in Frameworks */,
				KADR00000000000000000444 /* EditorUI in Frameworks */,
			);
			runOnlyForDeploymentPostprocessing = 0;
		};
		KADR00000000000000000504 /* Frameworks */ = {
			isa = PBXFrameworksBuildPhase;
			buildActionMask = 2147483647;
			files = (
				KADR00000000000000000540 /* Shared in Frameworks */,
				KADR00000000000000000541 /* VisionServices in Frameworks */,
				KADR00000000000000000542 /* MediaExport in Frameworks */,
			);
			runOnlyForDeploymentPostprocessing = 0;
		};
		KADR00000000000000000704 /* Frameworks */ = {
			isa = PBXFrameworksBuildPhase;
			buildActionMask = 2147483647;
			files = (
				KADR00000000000000000740 /* Shared in Frameworks */,
				KADR00000000000000000741 /* AutomationKit in Frameworks */,
			);
			runOnlyForDeploymentPostprocessing = 0;
		};
/* End PBXFrameworksBuildPhase section */

/* Begin PBXGroup section */
		F5F2A22E3040394A00A5DC07 = {
			isa = PBXGroup;
			children = (
				F5F2A2393040394A00A5DC07 /* Kadr */,
				KADR00000000000000000402 /* KadrEditor */,
				KADR00000000000000000502 /* HelperTools */,
				KADR00000000000000000702 /* KadrCLI */,
				F5F2A2473040394B00A5DC07 /* KadrTests */,
				F5F2A2383040394A00A5DC07 /* Products */,
			);
			sourceTree = "<group>";
		};
		F5F2A2383040394A00A5DC07 /* Products */ = {
			isa = PBXGroup;
			children = (
				F5F2A2373040394A00A5DC07 /* Kadr.app */,
				KADR00000000000000000401 /* KadrEditor.app */,
				KADR00000000000000000501 /* HelperTools.xpc */,
				KADR00000000000000000701 /* kadr */,
				F5F2A2443040394B00A5DC07 /* KadrTests.xctest */,
			);
			name = Products;
			sourceTree = "<group>";
		};
/* End PBXGroup section */

/* Begin PBXNativeTarget section */
		F5F2A2363040394A00A5DC07 /* Kadr */ = {
			isa = PBXNativeTarget;
			buildConfigurationList = F5F2A2583040394B00A5DC07 /* Build configuration list for PBXNativeTarget "Kadr" */;
			buildPhases = (
				F5F2A2333040394A00A5DC07 /* Sources */,
				F5F2A2343040394A00A5DC07 /* Frameworks */,
				F5F2A2353040394A00A5DC07 /* Resources */,
				KADR00000000000000000409 /* Embed Editor */,
				KADR00000000000000000509 /* Embed XPC Services */,
				KADR00000000000000000709 /* Embed CLI */,
			);
			buildRules = (
			);
			dependencies = (
				KADR0000000000000000040B /* PBXTargetDependency */,
				KADR0000000000000000050B /* PBXTargetDependency */,
				KADR0000000000000000070B /* PBXTargetDependency */,
			);
			fileSystemSynchronizedGroups = (
				F5F2A2393040394A00A5DC07 /* Kadr */,
			);
			name = Kadr;
			packageProductDependencies = (
				KADR00000000000000000301 /* KeyboardShortcuts */,
				KADR00000000000000000601 /* Sparkle */,
				KADR00000000000000000064 /* Shared */,
				KADR00000000000000000065 /* CaptureCore */,
				KADR00000000000000000066 /* OverlayKit */,
				KADR00000000000000000067 /* AnnotationModel */,
				KADR00000000000000000068 /* MediaExport */,
				KADR00000000000000000069 /* AutomationKit */,
				KADR0000000000000000006A /* SettingsKit */,
				KADR0000000000000000006B /* RecordingCore */,
				KADR000000000000000000FF /* StudioCore */,
				KADR0000000000000000006C /* SelectionUI */,
				KADR0000000000000000006D /* AnnotationRender */,
				KADR0000000000000000006E /* HistoryKit */,
			);
			productName = Kadr;
			productReference = F5F2A2373040394A00A5DC07 /* Kadr.app */;
			productType = "com.apple.product-type.application";
		};
		F5F2A2433040394B00A5DC07 /* KadrTests */ = {
			isa = PBXNativeTarget;
			buildConfigurationList = F5F2A25B3040394B00A5DC07 /* Build configuration list for PBXNativeTarget "KadrTests" */;
			buildPhases = (
				F5F2A2403040394B00A5DC07 /* Sources */,
				F5F2A2413040394B00A5DC07 /* Frameworks */,
				F5F2A2423040394B00A5DC07 /* Resources */,
			);
			buildRules = (
			);
			dependencies = (
				F5F2A2463040394B00A5DC07 /* PBXTargetDependency */,
			);
			fileSystemSynchronizedGroups = (
				F5F2A2473040394B00A5DC07 /* KadrTests */,
			);
			name = KadrTests;
			packageProductDependencies = (
			);
			productName = KadrTests;
			productReference = F5F2A2443040394B00A5DC07 /* KadrTests.xctest */;
			productType = "com.apple.product-type.bundle.unit-test";
		};
		KADR00000000000000000400 /* KadrEditor */ = {
			isa = PBXNativeTarget;
			buildConfigurationList = KADR00000000000000000406 /* Build configuration list for PBXNativeTarget "KadrEditor" */;
			buildPhases = (
				KADR00000000000000000403 /* Sources */,
				KADR00000000000000000404 /* Frameworks */,
				KADR00000000000000000405 /* Resources */,
			);
			buildRules = (
			);
			dependencies = (
			);
			fileSystemSynchronizedGroups = (
				KADR00000000000000000402 /* KadrEditor */,
			);
			name = KadrEditor;
			packageProductDependencies = (
				KADR00000000000000000420 /* Shared */,
				KADR00000000000000000421 /* AnnotationModel */,
				KADR00000000000000000422 /* AnnotationRender */,
				KADR00000000000000000423 /* MediaExport */,
				KADR00000000000000000424 /* EditorUI */,
			);
			productName = KadrEditor;
			productReference = KADR00000000000000000401 /* KadrEditor.app */;
			productType = "com.apple.product-type.application";
		};
		KADR00000000000000000500 /* HelperTools */ = {
			isa = PBXNativeTarget;
			buildConfigurationList = KADR00000000000000000506 /* Build configuration list for PBXNativeTarget "HelperTools" */;
			buildPhases = (
				KADR00000000000000000503 /* Sources */,
				KADR00000000000000000504 /* Frameworks */,
				KADR00000000000000000505 /* Resources */,
			);
			buildRules = (
			);
			dependencies = (
			);
			fileSystemSynchronizedGroups = (
				KADR00000000000000000502 /* HelperTools */,
			);
			name = HelperTools;
			packageProductDependencies = (
				KADR00000000000000000520 /* Shared */,
				KADR00000000000000000521 /* VisionServices */,
				KADR00000000000000000522 /* MediaExport */,
			);
			productName = HelperTools;
			productReference = KADR00000000000000000501 /* HelperTools.xpc */;
			productType = "com.apple.product-type.xpc-service";
		};
		KADR00000000000000000700 /* KadrCLI */ = {
			isa = PBXNativeTarget;
			buildConfigurationList = KADR00000000000000000706 /* Build configuration list for PBXNativeTarget "KadrCLI" */;
			buildPhases = (
				KADR00000000000000000703 /* Sources */,
				KADR00000000000000000704 /* Frameworks */,
				KADR00000000000000000705 /* Resources */,
			);
			buildRules = (
			);
			dependencies = (
			);
			fileSystemSynchronizedGroups = (
				KADR00000000000000000702 /* KadrCLI */,
			);
			name = KadrCLI;
			packageProductDependencies = (
				KADR00000000000000000720 /* Shared */,
				KADR00000000000000000721 /* AutomationKit */,
			);
			productName = KadrCLI;
			productReference = KADR00000000000000000701 /* kadr */;
			productType = "com.apple.product-type.tool";
		};
/* End PBXNativeTarget section */

/* Begin PBXProject section */
		F5F2A22F3040394A00A5DC07 /* Project object */ = {
			isa = PBXProject;
			attributes = {
				BuildIndependentTargetsInParallel = 1;
				LastSwiftUpdateCheck = 2660;
				LastUpgradeCheck = 2660;
				TargetAttributes = {
					F5F2A2363040394A00A5DC07 = {
						CreatedOnToolsVersion = 26.6;
					};
					F5F2A2433040394B00A5DC07 = {
						CreatedOnToolsVersion = 26.6;
						TestTargetID = F5F2A2363040394A00A5DC07;
					};
				};
			};
			buildConfigurationList = F5F2A2323040394A00A5DC07 /* Build configuration list for PBXProject "Kadr" */;
			developmentRegion = en;
			hasScannedForEncodings = 0;
			knownRegions = (
				en,
				Base,
			);
			mainGroup = F5F2A22E3040394A00A5DC07;
			minimizedProjectReferenceProxies = 1;
			packageReferences = (
				KADR00000000000000000600 /* XCRemoteSwiftPackageReference "Sparkle" */,
				KADR00000000000000000300 /* XCRemoteSwiftPackageReference "KeyboardShortcuts" */,
				KADR00000000000000000000 /* XCLocalSwiftPackageReference "Packages/Shared" */,
				KADR00000000000000000001 /* XCLocalSwiftPackageReference "Packages/CaptureCore" */,
				KADR00000000000000000002 /* XCLocalSwiftPackageReference "Packages/OverlayKit" */,
				KADR00000000000000000003 /* XCLocalSwiftPackageReference "Packages/AnnotationModel" */,
				KADR00000000000000000004 /* XCLocalSwiftPackageReference "Packages/MediaExport" */,
				KADR00000000000000000005 /* XCLocalSwiftPackageReference "Packages/VisionServices" */,
				KADR00000000000000000006 /* XCLocalSwiftPackageReference "Packages/AutomationKit" */,
				KADR00000000000000000007 /* XCLocalSwiftPackageReference "Packages/SettingsKit" */,
				KADR00000000000000000008 /* XCLocalSwiftPackageReference "Packages/RecordingCore" */,
				KADR0000000000000000000F /* XCLocalSwiftPackageReference "Packages/StudioCore" */,
				KADR00000000000000000009 /* XCLocalSwiftPackageReference "Packages/SelectionUI" */,
				KADR0000000000000000000A /* XCLocalSwiftPackageReference "Packages/AnnotationRender" */,
				KADR0000000000000000000B /* XCLocalSwiftPackageReference "Packages/HistoryKit" */,
				KADR0000000000000000000C /* XCLocalSwiftPackageReference "Packages/EditorUI" */,
			);
			preferredProjectObjectVersion = 77;
			productRefGroup = F5F2A2383040394A00A5DC07 /* Products */;
			projectDirPath = "";
			projectRoot = "";
			targets = (
				F5F2A2363040394A00A5DC07 /* Kadr */,
				KADR00000000000000000400 /* KadrEditor */,
				KADR00000000000000000500 /* HelperTools */,
				KADR00000000000000000700 /* KadrCLI */,
				F5F2A2433040394B00A5DC07 /* KadrTests */,
			);
		};
/* End PBXProject section */

/* Begin PBXResourcesBuildPhase section */
		F5F2A2353040394A00A5DC07 /* Resources */ = {
			isa = PBXResourcesBuildPhase;
			buildActionMask = 2147483647;
			files = (
			);
			runOnlyForDeploymentPostprocessing = 0;
		};
		F5F2A2423040394B00A5DC07 /* Resources */ = {
			isa = PBXResourcesBuildPhase;
			buildActionMask = 2147483647;
			files = (
			);
			runOnlyForDeploymentPostprocessing = 0;
		};
		KADR00000000000000000405 /* Resources */ = {
			isa = PBXResourcesBuildPhase;
			buildActionMask = 2147483647;
			files = (
			);
			runOnlyForDeploymentPostprocessing = 0;
		};
		KADR00000000000000000505 /* Resources */ = {
			isa = PBXResourcesBuildPhase;
			buildActionMask = 2147483647;
			files = (
			);
			runOnlyForDeploymentPostprocessing = 0;
		};
		KADR00000000000000000705 /* Resources */ = {
			isa = PBXResourcesBuildPhase;
			buildActionMask = 2147483647;
			files = (
			);
			runOnlyForDeploymentPostprocessing = 0;
		};
/* End PBXResourcesBuildPhase section */

/* Begin PBXSourcesBuildPhase section */
		F5F2A2333040394A00A5DC07 /* Sources */ = {
			isa = PBXSourcesBuildPhase;
			buildActionMask = 2147483647;
			files = (
			);
			runOnlyForDeploymentPostprocessing = 0;
		};
		F5F2A2403040394B00A5DC07 /* Sources */ = {
			isa = PBXSourcesBuildPhase;
			buildActionMask = 2147483647;
			files = (
			);
			runOnlyForDeploymentPostprocessing = 0;
		};
		KADR00000000000000000403 /* Sources */ = {
			isa = PBXSourcesBuildPhase;
			buildActionMask = 2147483647;
			files = (
			);
			runOnlyForDeploymentPostprocessing = 0;
		};
		KADR00000000000000000503 /* Sources */ = {
			isa = PBXSourcesBuildPhase;
			buildActionMask = 2147483647;
			files = (
			);
			runOnlyForDeploymentPostprocessing = 0;
		};
		KADR00000000000000000703 /* Sources */ = {
			isa = PBXSourcesBuildPhase;
			buildActionMask = 2147483647;
			files = (
			);
			runOnlyForDeploymentPostprocessing = 0;
		};
/* End PBXSourcesBuildPhase section */

/* Begin PBXTargetDependency section */
		F5F2A2463040394B00A5DC07 /* PBXTargetDependency */ = {
			isa = PBXTargetDependency;
			target = F5F2A2363040394A00A5DC07 /* Kadr */;
			targetProxy = F5F2A2453040394B00A5DC07 /* PBXContainerItemProxy */;
		};
		KADR0000000000000000040B /* PBXTargetDependency */ = {
			isa = PBXTargetDependency;
			target = KADR00000000000000000400 /* KadrEditor */;
			targetProxy = KADR0000000000000000040C /* PBXContainerItemProxy */;
		};
		KADR0000000000000000050B /* PBXTargetDependency */ = {
			isa = PBXTargetDependency;
			target = KADR00000000000000000500 /* HelperTools */;
			targetProxy = KADR0000000000000000050C /* PBXContainerItemProxy */;
		};
		KADR0000000000000000070B /* PBXTargetDependency */ = {
			isa = PBXTargetDependency;
			target = KADR00000000000000000700 /* KadrCLI */;
			targetProxy = KADR0000000000000000070C /* PBXContainerItemProxy */;
		};
/* End PBXTargetDependency section */

/* Begin XCBuildConfiguration section */
		F5F2A2563040394B00A5DC07 /* Debug */ = {
			isa = XCBuildConfiguration;
			buildSettings = {
				ALWAYS_SEARCH_USER_PATHS = NO;
				ASSETCATALOG_COMPILER_GENERATE_SWIFT_ASSET_SYMBOL_EXTENSIONS = YES;
				CLANG_ANALYZER_NONNULL = YES;
				CLANG_ANALYZER_NUMBER_OBJECT_CONVERSION = YES_AGGRESSIVE;
				CLANG_CXX_LANGUAGE_STANDARD = "gnu++20";
				CLANG_ENABLE_MODULES = YES;
				CLANG_ENABLE_OBJC_ARC = YES;
				CLANG_ENABLE_OBJC_WEAK = YES;
				CLANG_WARN_BLOCK_CAPTURE_AUTORELEASING = YES;
				CLANG_WARN_BOOL_CONVERSION = YES;
				CLANG_WARN_COMMA = YES;
				CLANG_WARN_CONSTANT_CONVERSION = YES;
				CLANG_WARN_DEPRECATED_OBJC_IMPLEMENTATIONS = YES;
				CLANG_WARN_DIRECT_OBJC_ISA_USAGE = YES_ERROR;
				CLANG_WARN_DOCUMENTATION_COMMENTS = YES;
				CLANG_WARN_EMPTY_BODY = YES;
				CLANG_WARN_ENUM_CONVERSION = YES;
				CLANG_WARN_INFINITE_RECURSION = YES;
				CLANG_WARN_INT_CONVERSION = YES;
				CLANG_WARN_NON_LITERAL_NULL_CONVERSION = YES;
				CLANG_WARN_OBJC_IMPLICIT_RETAIN_SELF = YES;
				CLANG_WARN_OBJC_LITERAL_CONVERSION = YES;
				CLANG_WARN_OBJC_ROOT_CLASS = YES_ERROR;
				CLANG_WARN_QUOTED_INCLUDE_IN_FRAMEWORK_HEADER = YES;
				CLANG_WARN_RANGE_LOOP_ANALYSIS = YES;
				CLANG_WARN_STRICT_PROTOTYPES = YES;
				CLANG_WARN_SUSPICIOUS_MOVE = YES;
				CLANG_WARN_UNGUARDED_AVAILABILITY = YES_AGGRESSIVE;
				CLANG_WARN_UNREACHABLE_CODE = YES;
				CLANG_WARN__DUPLICATE_METHOD_MATCH = YES;
				COPY_PHASE_STRIP = NO;
				DEAD_CODE_STRIPPING = YES;
				DEBUG_INFORMATION_FORMAT = dwarf;
				DEVELOPMENT_TEAM = TS5WNSVA7W;
				ENABLE_STRICT_OBJC_MSGSEND = YES;
				ENABLE_TESTABILITY = YES;
				ENABLE_USER_SCRIPT_SANDBOXING = YES;
				GCC_C_LANGUAGE_STANDARD = gnu17;
				GCC_DYNAMIC_NO_PIC = NO;
				GCC_NO_COMMON_BLOCKS = YES;
				GCC_OPTIMIZATION_LEVEL = 0;
				GCC_PREPROCESSOR_DEFINITIONS = (
					"DEBUG=1",
					"$(inherited)",
				);
				GCC_TREAT_WARNINGS_AS_ERRORS = YES;
				GCC_WARN_64_TO_32_BIT_CONVERSION = YES;
				GCC_WARN_ABOUT_RETURN_TYPE = YES_ERROR;
				GCC_WARN_UNDECLARED_SELECTOR = YES;
				GCC_WARN_UNINITIALIZED_AUTOS = YES_AGGRESSIVE;
				GCC_WARN_UNUSED_FUNCTION = YES;
				GCC_WARN_UNUSED_VARIABLE = YES;
				LOCALIZATION_PREFERS_STRING_CATALOGS = YES;
				MACOSX_DEPLOYMENT_TARGET = 14.0;
				MTL_ENABLE_DEBUG_INFO = INCLUDE_SOURCE;
				MTL_FAST_MATH = YES;
				ONLY_ACTIVE_ARCH = YES;
				SDKROOT = macosx;
				SWIFT_ACTIVE_COMPILATION_CONDITIONS = "DEBUG $(inherited)";
				SWIFT_APPROACHABLE_CONCURRENCY = YES;
				SWIFT_OPTIMIZATION_LEVEL = "-Onone";
				SWIFT_STRICT_CONCURRENCY = complete;
				SWIFT_TREAT_WARNINGS_AS_ERRORS = YES;
				SWIFT_UPCOMING_FEATURE_MEMBER_IMPORT_VISIBILITY = YES;
				SWIFT_VERSION = 6.0;
			};
			name = Debug;
		};
		F5F2A2573040394B00A5DC07 /* Release */ = {
			isa = XCBuildConfiguration;
			buildSettings = {
				ALWAYS_SEARCH_USER_PATHS = NO;
				ASSETCATALOG_COMPILER_GENERATE_SWIFT_ASSET_SYMBOL_EXTENSIONS = YES;
				CLANG_ANALYZER_NONNULL = YES;
				CLANG_ANALYZER_NUMBER_OBJECT_CONVERSION = YES_AGGRESSIVE;
				CLANG_CXX_LANGUAGE_STANDARD = "gnu++20";
				CLANG_ENABLE_MODULES = YES;
				CLANG_ENABLE_OBJC_ARC = YES;
				CLANG_ENABLE_OBJC_WEAK = YES;
				CLANG_WARN_BLOCK_CAPTURE_AUTORELEASING = YES;
				CLANG_WARN_BOOL_CONVERSION = YES;
				CLANG_WARN_COMMA = YES;
				CLANG_WARN_CONSTANT_CONVERSION = YES;
				CLANG_WARN_DEPRECATED_OBJC_IMPLEMENTATIONS = YES;
				CLANG_WARN_DIRECT_OBJC_ISA_USAGE = YES_ERROR;
				CLANG_WARN_DOCUMENTATION_COMMENTS = YES;
				CLANG_WARN_EMPTY_BODY = YES;
				CLANG_WARN_ENUM_CONVERSION = YES;
				CLANG_WARN_INFINITE_RECURSION = YES;
				CLANG_WARN_INT_CONVERSION = YES;
				CLANG_WARN_NON_LITERAL_NULL_CONVERSION = YES;
				CLANG_WARN_OBJC_IMPLICIT_RETAIN_SELF = YES;
				CLANG_WARN_OBJC_LITERAL_CONVERSION = YES;
				CLANG_WARN_OBJC_ROOT_CLASS = YES_ERROR;
				CLANG_WARN_QUOTED_INCLUDE_IN_FRAMEWORK_HEADER = YES;
				CLANG_WARN_RANGE_LOOP_ANALYSIS = YES;
				CLANG_WARN_STRICT_PROTOTYPES = YES;
				CLANG_WARN_SUSPICIOUS_MOVE = YES;
				CLANG_WARN_UNGUARDED_AVAILABILITY = YES_AGGRESSIVE;
				CLANG_WARN_UNREACHABLE_CODE = YES;
				CLANG_WARN__DUPLICATE_METHOD_MATCH = YES;
				COPY_PHASE_STRIP = NO;
				DEAD_CODE_STRIPPING = YES;
				DEBUG_INFORMATION_FORMAT = "dwarf-with-dsym";
				DEVELOPMENT_TEAM = TS5WNSVA7W;
				ENABLE_NS_ASSERTIONS = NO;
				ENABLE_STRICT_OBJC_MSGSEND = YES;
				ENABLE_USER_SCRIPT_SANDBOXING = YES;
				GCC_C_LANGUAGE_STANDARD = gnu17;
				GCC_NO_COMMON_BLOCKS = YES;
				GCC_TREAT_WARNINGS_AS_ERRORS = YES;
				GCC_WARN_64_TO_32_BIT_CONVERSION = YES;
				GCC_WARN_ABOUT_RETURN_TYPE = YES_ERROR;
				GCC_WARN_UNDECLARED_SELECTOR = YES;
				GCC_WARN_UNINITIALIZED_AUTOS = YES_AGGRESSIVE;
				GCC_WARN_UNUSED_FUNCTION = YES;
				GCC_WARN_UNUSED_VARIABLE = YES;
				LOCALIZATION_PREFERS_STRING_CATALOGS = YES;
				MACOSX_DEPLOYMENT_TARGET = 14.0;
				MTL_ENABLE_DEBUG_INFO = NO;
				MTL_FAST_MATH = YES;
				SDKROOT = macosx;
				SWIFT_APPROACHABLE_CONCURRENCY = YES;
				SWIFT_COMPILATION_MODE = wholemodule;
				SWIFT_STRICT_CONCURRENCY = complete;
				SWIFT_TREAT_WARNINGS_AS_ERRORS = YES;
				SWIFT_UPCOMING_FEATURE_MEMBER_IMPORT_VISIBILITY = YES;
				SWIFT_VERSION = 6.0;
			};
			name = Release;
		};
		F5F2A2593040394B00A5DC07 /* Debug */ = {
			isa = XCBuildConfiguration;
			buildSettings = {
				ASSETCATALOG_COMPILER_APPICON_NAME = AppIcon;
				ASSETCATALOG_COMPILER_GLOBAL_ACCENT_COLOR_NAME = AccentColor;
				CODE_SIGN_ENTITLEMENTS = Config/Kadr.entitlements;
				CODE_SIGN_STYLE = Automatic;
				COMBINE_HIDPI_IMAGES = YES;
				CURRENT_PROJECT_VERSION = 1;
				DEVELOPMENT_TEAM = TS5WNSVA7W;
				ENABLE_APP_SANDBOX = NO;
				ENABLE_HARDENED_RUNTIME = YES;
				GENERATE_INFOPLIST_FILE = YES;
				INFOPLIST_FILE = "Config/Kadr-Info.plist";
				INFOPLIST_KEY_LSUIElement = YES;
				INFOPLIST_KEY_NSCameraUsageDescription = "Kadr uses the camera only to add your webcam to a recording, and only while that recording is running.";
				INFOPLIST_KEY_NSHumanReadableCopyright = "Copyright © 2026 the Kadr contributors. MIT licensed.";
				INFOPLIST_KEY_NSMicrophoneUsageDescription = "Kadr uses the microphone only to record your voice alongside the screen, and only while that recording is running.";
				INFOPLIST_KEY_NSSpeechRecognitionUsageDescription = "Kadr recognises speech on this Mac, and only when the teleprompter is set to follow your voice, so the script keeps your place while you read. Nothing is uploaded.";
				INFOPLIST_KEY_SUEnableInstallerLauncherService = YES;
				INFOPLIST_KEY_SUFeedURL = "https://raw.githubusercontent.com/kadr-app/kadr/main/appcast.xml";
				LD_RUNPATH_SEARCH_PATHS = (
					"$(inherited)",
					"@executable_path/../Frameworks",
				);
				MARKETING_VERSION = 1.0;
				PRODUCT_BUNDLE_IDENTIFIER = app.kadr.Kadr;
				PRODUCT_NAME = "$(TARGET_NAME)";
				STRING_CATALOG_GENERATE_SYMBOLS = YES;
				SWIFT_APPROACHABLE_CONCURRENCY = YES;
				SWIFT_DEFAULT_ACTOR_ISOLATION = MainActor;
				SWIFT_EMIT_LOC_STRINGS = YES;
				SWIFT_UPCOMING_FEATURE_MEMBER_IMPORT_VISIBILITY = YES;
				SWIFT_VERSION = 6.0;
			};
			name = Debug;
		};
		F5F2A25A3040394B00A5DC07 /* Release */ = {
			isa = XCBuildConfiguration;
			buildSettings = {
				ASSETCATALOG_COMPILER_APPICON_NAME = AppIcon;
				ASSETCATALOG_COMPILER_GLOBAL_ACCENT_COLOR_NAME = AccentColor;
				CODE_SIGN_ENTITLEMENTS = Config/Kadr.entitlements;
				CODE_SIGN_STYLE = Automatic;
				COMBINE_HIDPI_IMAGES = YES;
				CURRENT_PROJECT_VERSION = 1;
				DEVELOPMENT_TEAM = TS5WNSVA7W;
				ENABLE_APP_SANDBOX = NO;
				ENABLE_HARDENED_RUNTIME = YES;
				GENERATE_INFOPLIST_FILE = YES;
				INFOPLIST_FILE = "Config/Kadr-Info.plist";
				INFOPLIST_KEY_LSUIElement = YES;
				INFOPLIST_KEY_NSCameraUsageDescription = "Kadr uses the camera only to add your webcam to a recording, and only while that recording is running.";
				INFOPLIST_KEY_NSHumanReadableCopyright = "Copyright © 2026 the Kadr contributors. MIT licensed.";
				INFOPLIST_KEY_NSMicrophoneUsageDescription = "Kadr uses the microphone only to record your voice alongside the screen, and only while that recording is running.";
				INFOPLIST_KEY_NSSpeechRecognitionUsageDescription = "Kadr recognises speech on this Mac, and only when the teleprompter is set to follow your voice, so the script keeps your place while you read. Nothing is uploaded.";
				INFOPLIST_KEY_SUEnableInstallerLauncherService = YES;
				INFOPLIST_KEY_SUFeedURL = "https://raw.githubusercontent.com/kadr-app/kadr/main/appcast.xml";
				LD_RUNPATH_SEARCH_PATHS = (
					"$(inherited)",
					"@executable_path/../Frameworks",
				);
				MARKETING_VERSION = 1.0;
				PRODUCT_BUNDLE_IDENTIFIER = app.kadr.Kadr;
				PRODUCT_NAME = "$(TARGET_NAME)";
				STRING_CATALOG_GENERATE_SYMBOLS = YES;
				SWIFT_APPROACHABLE_CONCURRENCY = YES;
				SWIFT_DEFAULT_ACTOR_ISOLATION = MainActor;
				SWIFT_EMIT_LOC_STRINGS = YES;
				SWIFT_UPCOMING_FEATURE_MEMBER_IMPORT_VISIBILITY = YES;
				SWIFT_VERSION = 6.0;
			};
			name = Release;
		};
		F5F2A25C3040394B00A5DC07 /* Debug */ = {
			isa = XCBuildConfiguration;
			buildSettings = {
				BUNDLE_LOADER = "$(TEST_HOST)";
				CODE_SIGN_STYLE = Automatic;
				CURRENT_PROJECT_VERSION = 1;
				DEVELOPMENT_TEAM = TS5WNSVA7W;
				GENERATE_INFOPLIST_FILE = YES;
				MACOSX_DEPLOYMENT_TARGET = 14.0;
				MARKETING_VERSION = 1.0;
				PRODUCT_BUNDLE_IDENTIFIER = app.kadr.KadrTests;
				PRODUCT_NAME = "$(TARGET_NAME)";
				STRING_CATALOG_GENERATE_SYMBOLS = NO;
				SWIFT_APPROACHABLE_CONCURRENCY = YES;
				SWIFT_EMIT_LOC_STRINGS = NO;
				SWIFT_UPCOMING_FEATURE_MEMBER_IMPORT_VISIBILITY = YES;
				SWIFT_VERSION = 6.0;
				TEST_HOST = "$(BUILT_PRODUCTS_DIR)/Kadr.app/$(BUNDLE_EXECUTABLE_FOLDER_PATH)/Kadr";
			};
			name = Debug;
		};
		F5F2A25D3040394B00A5DC07 /* Release */ = {
			isa = XCBuildConfiguration;
			buildSettings = {
				BUNDLE_LOADER = "$(TEST_HOST)";
				CODE_SIGN_STYLE = Automatic;
				CURRENT_PROJECT_VERSION = 1;
				DEVELOPMENT_TEAM = TS5WNSVA7W;
				GENERATE_INFOPLIST_FILE = YES;
				MACOSX_DEPLOYMENT_TARGET = 14.0;
				MARKETING_VERSION = 1.0;
				PRODUCT_BUNDLE_IDENTIFIER = app.kadr.KadrTests;
				PRODUCT_NAME = "$(TARGET_NAME)";
				STRING_CATALOG_GENERATE_SYMBOLS = NO;
				SWIFT_APPROACHABLE_CONCURRENCY = YES;
				SWIFT_EMIT_LOC_STRINGS = NO;
				SWIFT_UPCOMING_FEATURE_MEMBER_IMPORT_VISIBILITY = YES;
				SWIFT_VERSION = 6.0;
				TEST_HOST = "$(BUILT_PRODUCTS_DIR)/Kadr.app/$(BUNDLE_EXECUTABLE_FOLDER_PATH)/Kadr";
			};
			name = Release;
		};
		KADR00000000000000000407 /* Debug */ = {
			isa = XCBuildConfiguration;
			buildSettings = {
				ASSETCATALOG_COMPILER_APPICON_NAME = AppIcon;
				CODE_SIGN_STYLE = Automatic;
				COMBINE_HIDPI_IMAGES = YES;
				CURRENT_PROJECT_VERSION = 1;
				DEVELOPMENT_TEAM = TS5WNSVA7W;
				ENABLE_APP_SANDBOX = NO;
				ENABLE_HARDENED_RUNTIME = YES;
				GENERATE_INFOPLIST_FILE = YES;
				INFOPLIST_FILE = Resources/KadrEditor-Info.plist;
				INFOPLIST_KEY_CFBundleDisplayName = "Kadr Editor";
				INFOPLIST_KEY_NSHumanReadableCopyright = "Copyright © 2026 the Kadr contributors. MIT licensed.";
				LD_RUNPATH_SEARCH_PATHS = (
					"$(inherited)",
					"@executable_path/../Frameworks",
					"@executable_path/../../../../Frameworks",
				);
				MARKETING_VERSION = 1.0;
				PRODUCT_BUNDLE_IDENTIFIER = app.kadr.Kadr.Editor;
				PRODUCT_NAME = KadrEditor;
				SKIP_INSTALL = YES;
				SWIFT_APPROACHABLE_CONCURRENCY = YES;
				SWIFT_DEFAULT_ACTOR_ISOLATION = MainActor;
				SWIFT_EMIT_LOC_STRINGS = YES;
				SWIFT_VERSION = 6.0;
			};
			name = Debug;
		};
		KADR00000000000000000408 /* Release */ = {
			isa = XCBuildConfiguration;
			buildSettings = {
				ASSETCATALOG_COMPILER_APPICON_NAME = AppIcon;
				CODE_SIGN_STYLE = Automatic;
				COMBINE_HIDPI_IMAGES = YES;
				CURRENT_PROJECT_VERSION = 1;
				DEVELOPMENT_TEAM = TS5WNSVA7W;
				ENABLE_APP_SANDBOX = NO;
				ENABLE_HARDENED_RUNTIME = YES;
				GENERATE_INFOPLIST_FILE = YES;
				INFOPLIST_FILE = Resources/KadrEditor-Info.plist;
				INFOPLIST_KEY_CFBundleDisplayName = "Kadr Editor";
				INFOPLIST_KEY_NSHumanReadableCopyright = "Copyright © 2026 the Kadr contributors. MIT licensed.";
				LD_RUNPATH_SEARCH_PATHS = (
					"$(inherited)",
					"@executable_path/../Frameworks",
					"@executable_path/../../../../Frameworks",
				);
				MARKETING_VERSION = 1.0;
				PRODUCT_BUNDLE_IDENTIFIER = app.kadr.Kadr.Editor;
				PRODUCT_NAME = KadrEditor;
				SKIP_INSTALL = YES;
				SWIFT_APPROACHABLE_CONCURRENCY = YES;
				SWIFT_DEFAULT_ACTOR_ISOLATION = MainActor;
				SWIFT_EMIT_LOC_STRINGS = YES;
				SWIFT_VERSION = 6.0;
			};
			name = Release;
		};
		KADR00000000000000000507 /* Debug */ = {
			isa = XCBuildConfiguration;
			buildSettings = {
				CODE_SIGN_STYLE = Automatic;
				CURRENT_PROJECT_VERSION = 1;
				DEVELOPMENT_TEAM = TS5WNSVA7W;
				ENABLE_APP_SANDBOX = NO;
				ENABLE_HARDENED_RUNTIME = YES;
				GENERATE_INFOPLIST_FILE = YES;
				INFOPLIST_FILE = "Config/HelperTools-Info.plist";
				INFOPLIST_KEY_CFBundleDisplayName = "Kadr Helper";
				MARKETING_VERSION = 1.0;
				PRODUCT_BUNDLE_IDENTIFIER = app.kadr.Kadr.HelperTools;
				PRODUCT_NAME = HelperTools;
				SKIP_INSTALL = YES;
				SWIFT_APPROACHABLE_CONCURRENCY = YES;
				SWIFT_VERSION = 6.0;
			};
			name = Debug;
		};
		KADR00000000000000000508 /* Release */ = {
			isa = XCBuildConfiguration;
			buildSettings = {
				CODE_SIGN_STYLE = Automatic;
				CURRENT_PROJECT_VERSION = 1;
				DEVELOPMENT_TEAM = TS5WNSVA7W;
				ENABLE_APP_SANDBOX = NO;
				ENABLE_HARDENED_RUNTIME = YES;
				GENERATE_INFOPLIST_FILE = YES;
				INFOPLIST_FILE = "Config/HelperTools-Info.plist";
				INFOPLIST_KEY_CFBundleDisplayName = "Kadr Helper";
				MARKETING_VERSION = 1.0;
				PRODUCT_BUNDLE_IDENTIFIER = app.kadr.Kadr.HelperTools;
				PRODUCT_NAME = HelperTools;
				SKIP_INSTALL = YES;
				SWIFT_APPROACHABLE_CONCURRENCY = YES;
				SWIFT_VERSION = 6.0;
			};
			name = Release;
		};
		KADR00000000000000000707 /* Debug */ = {
			isa = XCBuildConfiguration;
			buildSettings = {
				CODE_SIGN_STYLE = Automatic;
				CURRENT_PROJECT_VERSION = 1;
				DEVELOPMENT_TEAM = TS5WNSVA7W;
				ENABLE_APP_SANDBOX = NO;
				ENABLE_HARDENED_RUNTIME = YES;
				MARKETING_VERSION = 1.0;
				PRODUCT_BUNDLE_IDENTIFIER = app.kadr.Kadr.cli;
				PRODUCT_MODULE_NAME = KadrCLI;
				PRODUCT_NAME = kadr;
				SKIP_INSTALL = YES;
				SWIFT_APPROACHABLE_CONCURRENCY = YES;
				SWIFT_VERSION = 6.0;
			};
			name = Debug;
		};
		KADR00000000000000000708 /* Release */ = {
			isa = XCBuildConfiguration;
			buildSettings = {
				CODE_SIGN_STYLE = Automatic;
				CURRENT_PROJECT_VERSION = 1;
				DEVELOPMENT_TEAM = TS5WNSVA7W;
				ENABLE_APP_SANDBOX = NO;
				ENABLE_HARDENED_RUNTIME = YES;
				MARKETING_VERSION = 1.0;
				PRODUCT_BUNDLE_IDENTIFIER = app.kadr.Kadr.cli;
				PRODUCT_MODULE_NAME = KadrCLI;
				PRODUCT_NAME = kadr;
				SKIP_INSTALL = YES;
				SWIFT_APPROACHABLE_CONCURRENCY = YES;
				SWIFT_VERSION = 6.0;
			};
			name = Release;
		};
/* End XCBuildConfiguration section */

/* Begin XCConfigurationList section */
		F5F2A2323040394A00A5DC07 /* Build configuration list for PBXProject "Kadr" */ = {
			isa = XCConfigurationList;
			buildConfigurations = (
				F5F2A2563040394B00A5DC07 /* Debug */,
				F5F2A2573040394B00A5DC07 /* Release */,
			);
			defaultConfigurationIsVisible = 0;
			defaultConfigurationName = Release;
		};
		F5F2A2583040394B00A5DC07 /* Build configuration list for PBXNativeTarget "Kadr" */ = {
			isa = XCConfigurationList;
			buildConfigurations = (
				F5F2A2593040394B00A5DC07 /* Debug */,
				F5F2A25A3040394B00A5DC07 /* Release */,
			);
			defaultConfigurationIsVisible = 0;
			defaultConfigurationName = Release;
		};
		F5F2A25B3040394B00A5DC07 /* Build configuration list for PBXNativeTarget "KadrTests" */ = {
			isa = XCConfigurationList;
			buildConfigurations = (
				F5F2A25C3040394B00A5DC07 /* Debug */,
				F5F2A25D3040394B00A5DC07 /* Release */,
			);
			defaultConfigurationIsVisible = 0;
			defaultConfigurationName = Release;
		};
		KADR00000000000000000406 /* Build configuration list for PBXNativeTarget "KadrEditor" */ = {
			isa = XCConfigurationList;
			buildConfigurations = (
				KADR00000000000000000407 /* Debug */,
				KADR00000000000000000408 /* Release */,
			);
			defaultConfigurationIsVisible = 0;
			defaultConfigurationName = Release;
		};
		KADR00000000000000000506 /* Build configuration list for PBXNativeTarget "HelperTools" */ = {
			isa = XCConfigurationList;
			buildConfigurations = (
				KADR00000000000000000507 /* Debug */,
				KADR00000000000000000508 /* Release */,
			);
			defaultConfigurationIsVisible = 0;
			defaultConfigurationName = Release;
		};
		KADR00000000000000000706 /* Build configuration list for PBXNativeTarget "KadrCLI" */ = {
			isa = XCConfigurationList;
			buildConfigurations = (
				KADR00000000000000000707 /* Debug */,
				KADR00000000000000000708 /* Release */,
			);
			defaultConfigurationIsVisible = 0;
			defaultConfigurationName = Release;
		};
/* End XCConfigurationList section */

/* Begin XCLocalSwiftPackageReference section */
		KADR00000000000000000000 /* XCLocalSwiftPackageReference "Packages/Shared" */ = {
			isa = XCLocalSwiftPackageReference;
			relativePath = Packages/Shared;
		};
		KADR00000000000000000001 /* XCLocalSwiftPackageReference "Packages/CaptureCore" */ = {
			isa = XCLocalSwiftPackageReference;
			relativePath = Packages/CaptureCore;
		};
		KADR00000000000000000002 /* XCLocalSwiftPackageReference "Packages/OverlayKit" */ = {
			isa = XCLocalSwiftPackageReference;
			relativePath = Packages/OverlayKit;
		};
		KADR00000000000000000003 /* XCLocalSwiftPackageReference "Packages/AnnotationModel" */ = {
			isa = XCLocalSwiftPackageReference;
			relativePath = Packages/AnnotationModel;
		};
		KADR00000000000000000004 /* XCLocalSwiftPackageReference "Packages/MediaExport" */ = {
			isa = XCLocalSwiftPackageReference;
			relativePath = Packages/MediaExport;
		};
		KADR00000000000000000005 /* XCLocalSwiftPackageReference "Packages/VisionServices" */ = {
			isa = XCLocalSwiftPackageReference;
			relativePath = Packages/VisionServices;
		};
		KADR00000000000000000006 /* XCLocalSwiftPackageReference "Packages/AutomationKit" */ = {
			isa = XCLocalSwiftPackageReference;
			relativePath = Packages/AutomationKit;
		};
		KADR00000000000000000007 /* XCLocalSwiftPackageReference "Packages/SettingsKit" */ = {
			isa = XCLocalSwiftPackageReference;
			relativePath = Packages/SettingsKit;
		};
		KADR00000000000000000008 /* XCLocalSwiftPackageReference "Packages/RecordingCore" */ = {
			isa = XCLocalSwiftPackageReference;
			relativePath = Packages/RecordingCore;
		};
		KADR0000000000000000000F /* XCLocalSwiftPackageReference "Packages/StudioCore" */ = {
			isa = XCLocalSwiftPackageReference;
			relativePath = Packages/StudioCore;
		};
		KADR00000000000000000009 /* XCLocalSwiftPackageReference "Packages/SelectionUI" */ = {
			isa = XCLocalSwiftPackageReference;
			relativePath = Packages/SelectionUI;
		};
		KADR0000000000000000000A /* XCLocalSwiftPackageReference "Packages/AnnotationRender" */ = {
			isa = XCLocalSwiftPackageReference;
			relativePath = Packages/AnnotationRender;
		};
		KADR0000000000000000000B /* XCLocalSwiftPackageReference "Packages/HistoryKit" */ = {
			isa = XCLocalSwiftPackageReference;
			relativePath = Packages/HistoryKit;
		};
		KADR0000000000000000000C /* XCLocalSwiftPackageReference "Packages/EditorUI" */ = {
			isa = XCLocalSwiftPackageReference;
			relativePath = Packages/EditorUI;
		};
/* End XCLocalSwiftPackageReference section */

/* Begin XCRemoteSwiftPackageReference section */
		KADR00000000000000000300 /* XCRemoteSwiftPackageReference "KeyboardShortcuts" */ = {
			isa = XCRemoteSwiftPackageReference;
			repositoryURL = "https://github.com/sindresorhus/KeyboardShortcuts";
			requirement = {
				kind = upToNextMajorVersion;
				minimumVersion = 3.0.1;
			};
		};
		KADR00000000000000000600 /* XCRemoteSwiftPackageReference "Sparkle" */ = {
			isa = XCRemoteSwiftPackageReference;
			repositoryURL = "https://github.com/sparkle-project/Sparkle";
			requirement = {
				kind = upToNextMajorVersion;
				minimumVersion = 2.6.0;
			};
		};
/* End XCRemoteSwiftPackageReference section */

/* Begin XCSwiftPackageProductDependency section */
		KADR00000000000000000064 /* Shared */ = {
			isa = XCSwiftPackageProductDependency;
			productName = Shared;
		};
		KADR00000000000000000065 /* CaptureCore */ = {
			isa = XCSwiftPackageProductDependency;
			productName = CaptureCore;
		};
		KADR00000000000000000066 /* OverlayKit */ = {
			isa = XCSwiftPackageProductDependency;
			productName = OverlayKit;
		};
		KADR00000000000000000067 /* AnnotationModel */ = {
			isa = XCSwiftPackageProductDependency;
			productName = AnnotationModel;
		};
		KADR00000000000000000068 /* MediaExport */ = {
			isa = XCSwiftPackageProductDependency;
			productName = MediaExport;
		};
		KADR00000000000000000069 /* AutomationKit */ = {
			isa = XCSwiftPackageProductDependency;
			productName = AutomationKit;
		};
		KADR0000000000000000006A /* SettingsKit */ = {
			isa = XCSwiftPackageProductDependency;
			productName = SettingsKit;
		};
		KADR0000000000000000006B /* RecordingCore */ = {
			isa = XCSwiftPackageProductDependency;
			productName = RecordingCore;
		};
		KADR000000000000000000FF /* StudioCore */ = {
			isa = XCSwiftPackageProductDependency;
			productName = StudioCore;
		};
		KADR0000000000000000006C /* SelectionUI */ = {
			isa = XCSwiftPackageProductDependency;
			productName = SelectionUI;
		};
		KADR0000000000000000006D /* AnnotationRender */ = {
			isa = XCSwiftPackageProductDependency;
			productName = AnnotationRender;
		};
		KADR0000000000000000006E /* HistoryKit */ = {
			isa = XCSwiftPackageProductDependency;
			productName = HistoryKit;
		};
		KADR00000000000000000301 /* KeyboardShortcuts */ = {
			isa = XCSwiftPackageProductDependency;
			package = KADR00000000000000000300 /* XCRemoteSwiftPackageReference "KeyboardShortcuts" */;
			productName = KeyboardShortcuts;
		};
		KADR00000000000000000420 /* Shared */ = {
			isa = XCSwiftPackageProductDependency;
			productName = Shared;
		};
		KADR00000000000000000421 /* AnnotationModel */ = {
			isa = XCSwiftPackageProductDependency;
			productName = AnnotationModel;
		};
		KADR00000000000000000422 /* AnnotationRender */ = {
			isa = XCSwiftPackageProductDependency;
			productName = AnnotationRender;
		};
		KADR00000000000000000423 /* MediaExport */ = {
			isa = XCSwiftPackageProductDependency;
			productName = MediaExport;
		};
		KADR00000000000000000424 /* EditorUI */ = {
			isa = XCSwiftPackageProductDependency;
			productName = EditorUI;
		};
		KADR00000000000000000520 /* Shared */ = {
			isa = XCSwiftPackageProductDependency;
			productName = Shared;
		};
		KADR00000000000000000521 /* VisionServices */ = {
			isa = XCSwiftPackageProductDependency;
			productName = VisionServices;
		};
		KADR00000000000000000522 /* MediaExport */ = {
			isa = XCSwiftPackageProductDependency;
			productName = MediaExport;
		};
		KADR00000000000000000601 /* Sparkle */ = {
			isa = XCSwiftPackageProductDependency;
			package = KADR00000000000000000600 /* XCRemoteSwiftPackageReference "Sparkle" */;
			productName = Sparkle;
		};
		KADR00000000000000000720 /* Shared */ = {
			isa = XCSwiftPackageProductDependency;
			productName = Shared;
		};
		KADR00000000000000000721 /* AutomationKit */ = {
			isa = XCSwiftPackageProductDependency;
			productName = AutomationKit;
		};
/* End XCSwiftPackageProductDependency section */
	};
	rootObject = F5F2A22F3040394A00A5DC07 /* Project object */;
}
