// !$*UTF8*$!
{
	archiveVersion = 1;
	classes = {
	};
	objectVersion = 77;
	objects = {

/* Begin PBXBuildFile section */
		KADR000000000000000000C8 /* Shared in Frameworks */ = {isa = PBXBuildFile; productRef = KADR00000000000000000064 /* Shared */; };
		KADR000000000000000000C9 /* CaptureCore in Frameworks */ = {isa = PBXBuildFile; productRef = KADR00000000000000000065 /* CaptureCore */; };
		KADR000000000000000000CA /* OverlayKit in Frameworks */ = {isa = PBXBuildFile; productRef = KADR00000000000000000066 /* OverlayKit */; };
		KADR000000000000000000CB /* AnnotationModel in Frameworks */ = {isa = PBXBuildFile; productRef = KADR00000000000000000067 /* AnnotationModel */; };
		KADR000000000000000000CC /* MediaExport in Frameworks */ = {isa = PBXBuildFile; productRef = KADR00000000000000000068 /* MediaExport */; };
		KADR000000000000000000CD /* AutomationKit in Frameworks */ = {isa = PBXBuildFile; productRef = KADR00000000000000000069 /* AutomationKit */; };
		KADR000000000000000000CE /* SettingsKit in Frameworks */ = {isa = PBXBuildFile; productRef = KADR0000000000000000006A /* SettingsKit */; };
		KADR000000000000000000CF /* RecordingCore in Frameworks */ = {isa = PBXBuildFile; productRef = KADR0000000000000000006B /* RecordingCore */; };
		KADR000000000000000000D0 /* SelectionUI in Frameworks */ = {isa = PBXBuildFile; productRef = KADR0000000000000000006C /* SelectionUI */; };
		KADR000000000000000000D1 /* AnnotationRender in Frameworks */ = {isa = PBXBuildFile; productRef = KADR0000000000000000006D /* AnnotationRender */; };
		KADR000000000000000000D2 /* HistoryKit in Frameworks */ = {isa = PBXBuildFile; productRef = KADR0000000000000000006E /* HistoryKit */; };
/* End PBXBuildFile section */

/* Begin PBXContainerItemProxy section */
		F5F2A2453040394B00A5DC07 /* PBXContainerItemProxy */ = {
			isa = PBXContainerItemProxy;
			containerPortal = F5F2A22F3040394A00A5DC07 /* Project object */;
			proxyType = 1;
			remoteGlobalIDString = F5F2A2363040394A00A5DC07;
			remoteInfo = Kadr;
		};
/* End PBXContainerItemProxy section */

/* Begin PBXFileReference section */
		F5F2A2373040394A00A5DC07 /* Kadr.app */ = {isa = PBXFileReference; explicitFileType = wrapper.application; includeInIndex = 0; path = Kadr.app; sourceTree = BUILT_PRODUCTS_DIR; };
		F5F2A2443040394B00A5DC07 /* KadrTests.xctest */ = {isa = PBXFileReference; explicitFileType = wrapper.cfbundle; includeInIndex = 0; path = KadrTests.xctest; sourceTree = BUILT_PRODUCTS_DIR; };
/* End PBXFileReference section */

/* Begin PBXFileSystemSynchronizedRootGroup section */
		F5F2A2393040394A00A5DC07 /* Kadr */ = {
			isa = PBXFileSystemSynchronizedRootGroup;
			path = Kadr;
			sourceTree = "<group>";
		};
		F5F2A2473040394B00A5DC07 /* KadrTests */ = {
			isa = PBXFileSystemSynchronizedRootGroup;
			path = KadrTests;
			sourceTree = "<group>";
		};
/* End PBXFileSystemSynchronizedRootGroup section */

/* Begin PBXFrameworksBuildPhase section */
		F5F2A2343040394A00A5DC07 /* Frameworks */ = {
			isa = PBXFrameworksBuildPhase;
			buildActionMask = 2147483647;
			files = (
				KADR000000000000000000C8 /* Shared in Frameworks */,
				KADR000000000000000000C9 /* CaptureCore in Frameworks */,
				KADR000000000000000000CA /* OverlayKit in Frameworks */,
				KADR000000000000000000CB /* AnnotationModel in Frameworks */,
				KADR000000000000000000CC /* MediaExport in Frameworks */,
				KADR000000000000000000CD /* AutomationKit in Frameworks */,
				KADR000000000000000000CE /* SettingsKit in Frameworks */,
				KADR000000000000000000CF /* RecordingCore in Frameworks */,
				KADR000000000000000000D0 /* SelectionUI in Frameworks */,
				KADR000000000000000000D1 /* AnnotationRender in Frameworks */,
				KADR000000000000000000D2 /* HistoryKit in Frameworks */,
			);
			runOnlyForDeploymentPostprocessing = 0;
		};
		F5F2A2413040394B00A5DC07 /* Frameworks */ = {
			isa = PBXFrameworksBuildPhase;
			buildActionMask = 2147483647;
			files = (
			);
			runOnlyForDeploymentPostprocessing = 0;
		};
/* End PBXFrameworksBuildPhase section */

/* Begin PBXGroup section */
		F5F2A22E3040394A00A5DC07 = {
			isa = PBXGroup;
			children = (
				F5F2A2393040394A00A5DC07 /* Kadr */,
				F5F2A2473040394B00A5DC07 /* KadrTests */,
				F5F2A2383040394A00A5DC07 /* Products */,
			);
			sourceTree = "<group>";
		};
		F5F2A2383040394A00A5DC07 /* Products */ = {
			isa = PBXGroup;
			children = (
				F5F2A2373040394A00A5DC07 /* Kadr.app */,
				F5F2A2443040394B00A5DC07 /* KadrTests.xctest */,
			);
			name = Products;
			sourceTree = "<group>";
		};
/* End PBXGroup section */

/* Begin PBXNativeTarget section */
		F5F2A2363040394A00A5DC07 /* Kadr */ = {
			isa = PBXNativeTarget;
			buildConfigurationList = F5F2A2583040394B00A5DC07 /* Build configuration list for PBXNativeTarget "Kadr" */;
			buildPhases = (
				F5F2A2333040394A00A5DC07 /* Sources */,
				F5F2A2343040394A00A5DC07 /* Frameworks */,
				F5F2A2353040394A00A5DC07 /* Resources */,
			);
			buildRules = (
			);
			dependencies = (
			);
			fileSystemSynchronizedGroups = (
				F5F2A2393040394A00A5DC07 /* Kadr */,
			);
			name = Kadr;
			packageProductDependencies = (
				KADR00000000000000000064 /* Shared */,
				KADR00000000000000000065 /* CaptureCore */,
				KADR00000000000000000066 /* OverlayKit */,
				KADR00000000000000000067 /* AnnotationModel */,
				KADR00000000000000000068 /* MediaExport */,
				KADR00000000000000000069 /* AutomationKit */,
				KADR0000000000000000006A /* SettingsKit */,
				KADR0000000000000000006B /* RecordingCore */,
				KADR0000000000000000006C /* SelectionUI */,
				KADR0000000000000000006D /* AnnotationRender */,
				KADR0000000000000000006E /* HistoryKit */,
			);
			productName = Kadr;
			productReference = F5F2A2373040394A00A5DC07 /* Kadr.app */;
			productType = "com.apple.product-type.application";
		};
		F5F2A2433040394B00A5DC07 /* KadrTests */ = {
			isa = PBXNativeTarget;
			buildConfigurationList = F5F2A25B3040394B00A5DC07 /* Build configuration list for PBXNativeTarget "KadrTests" */;
			buildPhases = (
				F5F2A2403040394B00A5DC07 /* Sources */,
				F5F2A2413040394B00A5DC07 /* Frameworks */,
				F5F2A2423040394B00A5DC07 /* Resources */,
			);
			buildRules = (
			);
			dependencies = (
				F5F2A2463040394B00A5DC07 /* PBXTargetDependency */,
			);
			fileSystemSynchronizedGroups = (
				F5F2A2473040394B00A5DC07 /* KadrTests */,
			);
			name = KadrTests;
			packageProductDependencies = (
			);
			productName = KadrTests;
			productReference = F5F2A2443040394B00A5DC07 /* KadrTests.xctest */;
			productType = "com.apple.product-type.bundle.unit-test";
		};
/* End PBXNativeTarget section */

/* Begin PBXProject section */
		F5F2A22F3040394A00A5DC07 /* Project object */ = {
			isa = PBXProject;
			attributes = {
				BuildIndependentTargetsInParallel = 1;
				LastSwiftUpdateCheck = 2660;
				LastUpgradeCheck = 2660;
				TargetAttributes = {
					F5F2A2363040394A00A5DC07 = {
						CreatedOnToolsVersion = 26.6;
					};
					F5F2A2433040394B00A5DC07 = {
						CreatedOnToolsVersion = 26.6;
						TestTargetID = F5F2A2363040394A00A5DC07;
					};
				};
			};
			buildConfigurationList = F5F2A2323040394A00A5DC07 /* Build configuration list for PBXProject "Kadr" */;
			developmentRegion = en;
			hasScannedForEncodings = 0;
			knownRegions = (
				en,
				Base,
			);
			mainGroup = F5F2A22E3040394A00A5DC07;
			packageReferences = (
				KADR00000000000000000000 /* XCLocalSwiftPackageReference "Packages/Shared" */,
				KADR00000000000000000001 /* XCLocalSwiftPackageReference "Packages/CaptureCore" */,
				KADR00000000000000000002 /* XCLocalSwiftPackageReference "Packages/OverlayKit" */,
				KADR00000000000000000003 /* XCLocalSwiftPackageReference "Packages/AnnotationModel" */,
				KADR00000000000000000004 /* XCLocalSwiftPackageReference "Packages/MediaExport" */,
				KADR00000000000000000005 /* XCLocalSwiftPackageReference "Packages/VisionServices" */,
				KADR00000000000000000006 /* XCLocalSwiftPackageReference "Packages/AutomationKit" */,
				KADR00000000000000000007 /* XCLocalSwiftPackageReference "Packages/SettingsKit" */,
				KADR00000000000000000008 /* XCLocalSwiftPackageReference "Packages/RecordingCore" */,
				KADR00000000000000000009 /* XCLocalSwiftPackageReference "Packages/SelectionUI" */,
				KADR0000000000000000000A /* XCLocalSwiftPackageReference "Packages/AnnotationRender" */,
				KADR0000000000000000000B /* XCLocalSwiftPackageReference "Packages/HistoryKit" */,
				KADR0000000000000000000C /* XCLocalSwiftPackageReference "Packages/EditorUI" */,
			);
			minimizedProjectReferenceProxies = 1;
			preferredProjectObjectVersion = 77;
			productRefGroup = F5F2A2383040394A00A5DC07 /* Products */;
			projectDirPath = "";
			projectRoot = "";
			targets = (
				F5F2A2363040394A00A5DC07 /* Kadr */,
				F5F2A2433040394B00A5DC07 /* KadrTests */,
			);
		};
/* End PBXProject section */

/* Begin PBXResourcesBuildPhase section */
		F5F2A2353040394A00A5DC07 /* Resources */ = {
			isa = PBXResourcesBuildPhase;
			buildActionMask = 2147483647;
			files = (
			);
			runOnlyForDeploymentPostprocessing = 0;
		};
		F5F2A2423040394B00A5DC07 /* Resources */ = {
			isa = PBXResourcesBuildPhase;
			buildActionMask = 2147483647;
			files = (
			);
			runOnlyForDeploymentPostprocessing = 0;
		};
/* End PBXResourcesBuildPhase section */

/* Begin PBXSourcesBuildPhase section */
		F5F2A2333040394A00A5DC07 /* Sources */ = {
			isa = PBXSourcesBuildPhase;
			buildActionMask = 2147483647;
			files = (
			);
			runOnlyForDeploymentPostprocessing = 0;
		};
		F5F2A2403040394B00A5DC07 /* Sources */ = {
			isa = PBXSourcesBuildPhase;
			buildActionMask = 2147483647;
			files = (
			);
			runOnlyForDeploymentPostprocessing = 0;
		};
/* End PBXSourcesBuildPhase section */

/* Begin PBXTargetDependency section */
		F5F2A2463040394B00A5DC07 /* PBXTargetDependency */ = {
			isa = PBXTargetDependency;
			target = F5F2A2363040394A00A5DC07 /* Kadr */;
			targetProxy = F5F2A2453040394B00A5DC07 /* PBXContainerItemProxy */;
		};
/* End PBXTargetDependency section */

/* Begin XCBuildConfiguration section */
		F5F2A2563040394B00A5DC07 /* Debug */ = {
			isa = XCBuildConfiguration;
			buildSettings = {
				ALWAYS_SEARCH_USER_PATHS = NO;
				ASSETCATALOG_COMPILER_GENERATE_SWIFT_ASSET_SYMBOL_EXTENSIONS = YES;
				CLANG_ANALYZER_NONNULL = YES;
				CLANG_ANALYZER_NUMBER_OBJECT_CONVERSION = YES_AGGRESSIVE;
				CLANG_CXX_LANGUAGE_STANDARD = "gnu++20";
				CLANG_ENABLE_MODULES = YES;
				CLANG_ENABLE_OBJC_ARC = YES;
				CLANG_ENABLE_OBJC_WEAK = YES;
				CLANG_WARN_BLOCK_CAPTURE_AUTORELEASING = YES;
				CLANG_WARN_BOOL_CONVERSION = YES;
				CLANG_WARN_COMMA = YES;
				CLANG_WARN_CONSTANT_CONVERSION = YES;
				CLANG_WARN_DEPRECATED_OBJC_IMPLEMENTATIONS = YES;
				CLANG_WARN_DIRECT_OBJC_ISA_USAGE = YES_ERROR;
				CLANG_WARN_DOCUMENTATION_COMMENTS = YES;
				CLANG_WARN_EMPTY_BODY = YES;
				CLANG_WARN_ENUM_CONVERSION = YES;
				CLANG_WARN_INFINITE_RECURSION = YES;
				CLANG_WARN_INT_CONVERSION = YES;
				CLANG_WARN_NON_LITERAL_NULL_CONVERSION = YES;
				CLANG_WARN_OBJC_IMPLICIT_RETAIN_SELF = YES;
				CLANG_WARN_OBJC_LITERAL_CONVERSION = YES;
				CLANG_WARN_OBJC_ROOT_CLASS = YES_ERROR;
				CLANG_WARN_QUOTED_INCLUDE_IN_FRAMEWORK_HEADER = YES;
				CLANG_WARN_RANGE_LOOP_ANALYSIS = YES;
				CLANG_WARN_STRICT_PROTOTYPES = YES;
				CLANG_WARN_SUSPICIOUS_MOVE = YES;
				CLANG_WARN_UNGUARDED_AVAILABILITY = YES_AGGRESSIVE;
				CLANG_WARN_UNREACHABLE_CODE = YES;
				CLANG_WARN__DUPLICATE_METHOD_MATCH = YES;
				COPY_PHASE_STRIP = NO;
				DEBUG_INFORMATION_FORMAT = dwarf;
				DEVELOPMENT_TEAM = TS5WNSVA7W;
				ENABLE_STRICT_OBJC_MSGSEND = YES;
				ENABLE_TESTABILITY = YES;
				ENABLE_USER_SCRIPT_SANDBOXING = YES;
				GCC_C_LANGUAGE_STANDARD = gnu17;
				GCC_DYNAMIC_NO_PIC = NO;
				GCC_NO_COMMON_BLOCKS = YES;
				GCC_OPTIMIZATION_LEVEL = 0;
				GCC_PREPROCESSOR_DEFINITIONS = (
					"DEBUG=1",
					"$(inherited)",
				);
				GCC_WARN_64_TO_32_BIT_CONVERSION = YES;
				GCC_WARN_ABOUT_RETURN_TYPE = YES_ERROR;
				GCC_WARN_UNDECLARED_SELECTOR = YES;
				GCC_WARN_UNINITIALIZED_AUTOS = YES_AGGRESSIVE;
				GCC_WARN_UNUSED_FUNCTION = YES;
				GCC_WARN_UNUSED_VARIABLE = YES;
				LOCALIZATION_PREFERS_STRING_CATALOGS = YES;
				MACOSX_DEPLOYMENT_TARGET = 14.0;
				MTL_ENABLE_DEBUG_INFO = INCLUDE_SOURCE;
				MTL_FAST_MATH = YES;
				ONLY_ACTIVE_ARCH = YES;
				SDKROOT = macosx;
				SWIFT_ACTIVE_COMPILATION_CONDITIONS = "DEBUG $(inherited)";
				SWIFT_OPTIMIZATION_LEVEL = "-Onone";
				SWIFT_VERSION = 6.0;
				SWIFT_STRICT_CONCURRENCY = complete;
				SWIFT_APPROACHABLE_CONCURRENCY = YES;
				SWIFT_UPCOMING_FEATURE_MEMBER_IMPORT_VISIBILITY = YES;
				SWIFT_TREAT_WARNINGS_AS_ERRORS = YES;
				GCC_TREAT_WARNINGS_AS_ERRORS = YES;
				DEAD_CODE_STRIPPING = YES;
			};
			name = Debug;
		};
		F5F2A2573040394B00A5DC07 /* Release */ = {
			isa = XCBuildConfiguration;
			buildSettings = {
				ALWAYS_SEARCH_USER_PATHS = NO;
				ASSETCATALOG_COMPILER_GENERATE_SWIFT_ASSET_SYMBOL_EXTENSIONS = YES;
				CLANG_ANALYZER_NONNULL = YES;
				CLANG_ANALYZER_NUMBER_OBJECT_CONVERSION = YES_AGGRESSIVE;
				CLANG_CXX_LANGUAGE_STANDARD = "gnu++20";
				CLANG_ENABLE_MODULES = YES;
				CLANG_ENABLE_OBJC_ARC = YES;
				CLANG_ENABLE_OBJC_WEAK = YES;
				CLANG_WARN_BLOCK_CAPTURE_AUTORELEASING = YES;
				CLANG_WARN_BOOL_CONVERSION = YES;
				CLANG_WARN_COMMA = YES;
				CLANG_WARN_CONSTANT_CONVERSION = YES;
				CLANG_WARN_DEPRECATED_OBJC_IMPLEMENTATIONS = YES;
				CLANG_WARN_DIRECT_OBJC_ISA_USAGE = YES_ERROR;
				CLANG_WARN_DOCUMENTATION_COMMENTS = YES;
				CLANG_WARN_EMPTY_BODY = YES;
				CLANG_WARN_ENUM_CONVERSION = YES;
				CLANG_WARN_INFINITE_RECURSION = YES;
				CLANG_WARN_INT_CONVERSION = YES;
				CLANG_WARN_NON_LITERAL_NULL_CONVERSION = YES;
				CLANG_WARN_OBJC_IMPLICIT_RETAIN_SELF = YES;
				CLANG_WARN_OBJC_LITERAL_CONVERSION = YES;
				CLANG_WARN_OBJC_ROOT_CLASS = YES_ERROR;
				CLANG_WARN_QUOTED_INCLUDE_IN_FRAMEWORK_HEADER = YES;
				CLANG_WARN_RANGE_LOOP_ANALYSIS = YES;
				CLANG_WARN_STRICT_PROTOTYPES = YES;
				CLANG_WARN_SUSPICIOUS_MOVE = YES;
				CLANG_WARN_UNGUARDED_AVAILABILITY = YES_AGGRESSIVE;
				CLANG_WARN_UNREACHABLE_CODE = YES;
				CLANG_WARN__DUPLICATE_METHOD_MATCH = YES;
				COPY_PHASE_STRIP = NO;
				DEBUG_INFORMATION_FORMAT = "dwarf-with-dsym";
				DEVELOPMENT_TEAM = TS5WNSVA7W;
				ENABLE_NS_ASSERTIONS = NO;
				ENABLE_STRICT_OBJC_MSGSEND = YES;
				ENABLE_USER_SCRIPT_SANDBOXING = YES;
				GCC_C_LANGUAGE_STANDARD = gnu17;
				GCC_NO_COMMON_BLOCKS = YES;
				GCC_WARN_64_TO_32_BIT_CONVERSION = YES;
				GCC_WARN_ABOUT_RETURN_TYPE = YES_ERROR;
				GCC_WARN_UNDECLARED_SELECTOR = YES;
				GCC_WARN_UNINITIALIZED_AUTOS = YES_AGGRESSIVE;
				GCC_WARN_UNUSED_FUNCTION = YES;
				GCC_WARN_UNUSED_VARIABLE = YES;
				LOCALIZATION_PREFERS_STRING_CATALOGS = YES;
				MACOSX_DEPLOYMENT_TARGET = 14.0;
				MTL_ENABLE_DEBUG_INFO = NO;
				MTL_FAST_MATH = YES;
				SDKROOT = macosx;
				SWIFT_COMPILATION_MODE = wholemodule;
				SWIFT_VERSION = 6.0;
				SWIFT_STRICT_CONCURRENCY = complete;
				SWIFT_APPROACHABLE_CONCURRENCY = YES;
				SWIFT_UPCOMING_FEATURE_MEMBER_IMPORT_VISIBILITY = YES;
				SWIFT_TREAT_WARNINGS_AS_ERRORS = YES;
				GCC_TREAT_WARNINGS_AS_ERRORS = YES;
				DEAD_CODE_STRIPPING = YES;
			};
			name = Release;
		};
		F5F2A2593040394B00A5DC07 /* Debug */ = {
			isa = XCBuildConfiguration;
			buildSettings = {
				ASSETCATALOG_COMPILER_APPICON_NAME = AppIcon;
				ASSETCATALOG_COMPILER_GLOBAL_ACCENT_COLOR_NAME = AccentColor;
				CODE_SIGN_STYLE = Automatic;
				COMBINE_HIDPI_IMAGES = YES;
				CURRENT_PROJECT_VERSION = 1;
				DEVELOPMENT_TEAM = TS5WNSVA7W;
				ENABLE_APP_SANDBOX = NO;
				ENABLE_HARDENED_RUNTIME = YES;
				GENERATE_INFOPLIST_FILE = YES;
				INFOPLIST_KEY_NSHumanReadableCopyright = "Copyright \U00a9 2026 the Kadr contributors. MIT licensed.";
				LD_RUNPATH_SEARCH_PATHS = (
					"$(inherited)",
					"@executable_path/../Frameworks",
				);
				MARKETING_VERSION = 1.0;
				PRODUCT_BUNDLE_IDENTIFIER = app.kadr.Kadr;
				PRODUCT_NAME = "$(TARGET_NAME)";
				STRING_CATALOG_GENERATE_SYMBOLS = YES;
				SWIFT_APPROACHABLE_CONCURRENCY = YES;
				SWIFT_DEFAULT_ACTOR_ISOLATION = MainActor;
				SWIFT_EMIT_LOC_STRINGS = YES;
				SWIFT_UPCOMING_FEATURE_MEMBER_IMPORT_VISIBILITY = YES;
				SWIFT_VERSION = 6.0;
				INFOPLIST_KEY_LSUIElement = YES;
			};
			name = Debug;
		};
		F5F2A25A3040394B00A5DC07 /* Release */ = {
			isa = XCBuildConfiguration;
			buildSettings = {
				ASSETCATALOG_COMPILER_APPICON_NAME = AppIcon;
				ASSETCATALOG_COMPILER_GLOBAL_ACCENT_COLOR_NAME = AccentColor;
				CODE_SIGN_STYLE = Automatic;
				COMBINE_HIDPI_IMAGES = YES;
				CURRENT_PROJECT_VERSION = 1;
				DEVELOPMENT_TEAM = TS5WNSVA7W;
				ENABLE_APP_SANDBOX = NO;
				ENABLE_HARDENED_RUNTIME = YES;
				GENERATE_INFOPLIST_FILE = YES;
				INFOPLIST_KEY_NSHumanReadableCopyright = "Copyright \U00a9 2026 the Kadr contributors. MIT licensed.";
				LD_RUNPATH_SEARCH_PATHS = (
					"$(inherited)",
					"@executable_path/../Frameworks",
				);
				MARKETING_VERSION = 1.0;
				PRODUCT_BUNDLE_IDENTIFIER = app.kadr.Kadr;
				PRODUCT_NAME = "$(TARGET_NAME)";
				STRING_CATALOG_GENERATE_SYMBOLS = YES;
				SWIFT_APPROACHABLE_CONCURRENCY = YES;
				SWIFT_DEFAULT_ACTOR_ISOLATION = MainActor;
				SWIFT_EMIT_LOC_STRINGS = YES;
				SWIFT_UPCOMING_FEATURE_MEMBER_IMPORT_VISIBILITY = YES;
				SWIFT_VERSION = 6.0;
				INFOPLIST_KEY_LSUIElement = YES;
			};
			name = Release;
		};
		F5F2A25C3040394B00A5DC07 /* Debug */ = {
			isa = XCBuildConfiguration;
			buildSettings = {
				BUNDLE_LOADER = "$(TEST_HOST)";
				CODE_SIGN_STYLE = Automatic;
				CURRENT_PROJECT_VERSION = 1;
				DEVELOPMENT_TEAM = TS5WNSVA7W;
				GENERATE_INFOPLIST_FILE = YES;
				MACOSX_DEPLOYMENT_TARGET = 14.0;
				MARKETING_VERSION = 1.0;
				PRODUCT_BUNDLE_IDENTIFIER = app.kadr.KadrTests;
				PRODUCT_NAME = "$(TARGET_NAME)";
				STRING_CATALOG_GENERATE_SYMBOLS = NO;
				SWIFT_APPROACHABLE_CONCURRENCY = YES;
				SWIFT_EMIT_LOC_STRINGS = NO;
				SWIFT_UPCOMING_FEATURE_MEMBER_IMPORT_VISIBILITY = YES;
				SWIFT_VERSION = 6.0;
				TEST_HOST = "$(BUILT_PRODUCTS_DIR)/Kadr.app/$(BUNDLE_EXECUTABLE_FOLDER_PATH)/Kadr";
			};
			name = Debug;
		};
		F5F2A25D3040394B00A5DC07 /* Release */ = {
			isa = XCBuildConfiguration;
			buildSettings = {
				BUNDLE_LOADER = "$(TEST_HOST)";
				CODE_SIGN_STYLE = Automatic;
				CURRENT_PROJECT_VERSION = 1;
				DEVELOPMENT_TEAM = TS5WNSVA7W;
				GENERATE_INFOPLIST_FILE = YES;
				MACOSX_DEPLOYMENT_TARGET = 14.0;
				MARKETING_VERSION = 1.0;
				PRODUCT_BUNDLE_IDENTIFIER = app.kadr.KadrTests;
				PRODUCT_NAME = "$(TARGET_NAME)";
				STRING_CATALOG_GENERATE_SYMBOLS = NO;
				SWIFT_APPROACHABLE_CONCURRENCY = YES;
				SWIFT_EMIT_LOC_STRINGS = NO;
				SWIFT_UPCOMING_FEATURE_MEMBER_IMPORT_VISIBILITY = YES;
				SWIFT_VERSION = 6.0;
				TEST_HOST = "$(BUILT_PRODUCTS_DIR)/Kadr.app/$(BUNDLE_EXECUTABLE_FOLDER_PATH)/Kadr";
			};
			name = Release;
		};
/* End XCBuildConfiguration section */

/* Begin XCConfigurationList section */
		F5F2A2323040394A00A5DC07 /* Build configuration list for PBXProject "Kadr" */ = {
			isa = XCConfigurationList;
			buildConfigurations = (
				F5F2A2563040394B00A5DC07 /* Debug */,
				F5F2A2573040394B00A5DC07 /* Release */,
			);
			defaultConfigurationIsVisible = 0;
			defaultConfigurationName = Release;
		};
		F5F2A2583040394B00A5DC07 /* Build configuration list for PBXNativeTarget "Kadr" */ = {
			isa = XCConfigurationList;
			buildConfigurations = (
				F5F2A2593040394B00A5DC07 /* Debug */,
				F5F2A25A3040394B00A5DC07 /* Release */,
			);
			defaultConfigurationIsVisible = 0;
			defaultConfigurationName = Release;
		};
		F5F2A25B3040394B00A5DC07 /* Build configuration list for PBXNativeTarget "KadrTests" */ = {
			isa = XCConfigurationList;
			buildConfigurations = (
				F5F2A25C3040394B00A5DC07 /* Debug */,
				F5F2A25D3040394B00A5DC07 /* Release */,
			);
			defaultConfigurationIsVisible = 0;
			defaultConfigurationName = Release;
		};
/* End XCConfigurationList section */

/* Begin XCLocalSwiftPackageReference section */
		KADR00000000000000000000 /* XCLocalSwiftPackageReference "Packages/Shared" */ = {
			isa = XCLocalSwiftPackageReference;
			relativePath = Packages/Shared;
		};
		KADR00000000000000000001 /* XCLocalSwiftPackageReference "Packages/CaptureCore" */ = {
			isa = XCLocalSwiftPackageReference;
			relativePath = Packages/CaptureCore;
		};
		KADR00000000000000000002 /* XCLocalSwiftPackageReference "Packages/OverlayKit" */ = {
			isa = XCLocalSwiftPackageReference;
			relativePath = Packages/OverlayKit;
		};
		KADR00000000000000000003 /* XCLocalSwiftPackageReference "Packages/AnnotationModel" */ = {
			isa = XCLocalSwiftPackageReference;
			relativePath = Packages/AnnotationModel;
		};
		KADR00000000000000000004 /* XCLocalSwiftPackageReference "Packages/MediaExport" */ = {
			isa = XCLocalSwiftPackageReference;
			relativePath = Packages/MediaExport;
		};
		KADR00000000000000000005 /* XCLocalSwiftPackageReference "Packages/VisionServices" */ = {
			isa = XCLocalSwiftPackageReference;
			relativePath = Packages/VisionServices;
		};
		KADR00000000000000000006 /* XCLocalSwiftPackageReference "Packages/AutomationKit" */ = {
			isa = XCLocalSwiftPackageReference;
			relativePath = Packages/AutomationKit;
		};
		KADR00000000000000000007 /* XCLocalSwiftPackageReference "Packages/SettingsKit" */ = {
			isa = XCLocalSwiftPackageReference;
			relativePath = Packages/SettingsKit;
		};
		KADR00000000000000000008 /* XCLocalSwiftPackageReference "Packages/RecordingCore" */ = {
			isa = XCLocalSwiftPackageReference;
			relativePath = Packages/RecordingCore;
		};
		KADR00000000000000000009 /* XCLocalSwiftPackageReference "Packages/SelectionUI" */ = {
			isa = XCLocalSwiftPackageReference;
			relativePath = Packages/SelectionUI;
		};
		KADR0000000000000000000A /* XCLocalSwiftPackageReference "Packages/AnnotationRender" */ = {
			isa = XCLocalSwiftPackageReference;
			relativePath = Packages/AnnotationRender;
		};
		KADR0000000000000000000B /* XCLocalSwiftPackageReference "Packages/HistoryKit" */ = {
			isa = XCLocalSwiftPackageReference;
			relativePath = Packages/HistoryKit;
		};
		KADR0000000000000000000C /* XCLocalSwiftPackageReference "Packages/EditorUI" */ = {
			isa = XCLocalSwiftPackageReference;
			relativePath = Packages/EditorUI;
		};
/* End XCLocalSwiftPackageReference section */

/* Begin XCSwiftPackageProductDependency section */
		KADR00000000000000000064 /* Shared */ = {
			isa = XCSwiftPackageProductDependency;
			productName = Shared;
		};
		KADR00000000000000000065 /* CaptureCore */ = {
			isa = XCSwiftPackageProductDependency;
			productName = CaptureCore;
		};
		KADR00000000000000000066 /* OverlayKit */ = {
			isa = XCSwiftPackageProductDependency;
			productName = OverlayKit;
		};
		KADR00000000000000000067 /* AnnotationModel */ = {
			isa = XCSwiftPackageProductDependency;
			productName = AnnotationModel;
		};
		KADR00000000000000000068 /* MediaExport */ = {
			isa = XCSwiftPackageProductDependency;
			productName = MediaExport;
		};
		KADR00000000000000000069 /* AutomationKit */ = {
			isa = XCSwiftPackageProductDependency;
			productName = AutomationKit;
		};
		KADR0000000000000000006A /* SettingsKit */ = {
			isa = XCSwiftPackageProductDependency;
			productName = SettingsKit;
		};
		KADR0000000000000000006B /* RecordingCore */ = {
			isa = XCSwiftPackageProductDependency;
			productName = RecordingCore;
		};
		KADR0000000000000000006C /* SelectionUI */ = {
			isa = XCSwiftPackageProductDependency;
			productName = SelectionUI;
		};
		KADR0000000000000000006D /* AnnotationRender */ = {
			isa = XCSwiftPackageProductDependency;
			productName = AnnotationRender;
		};
		KADR0000000000000000006E /* HistoryKit */ = {
			isa = XCSwiftPackageProductDependency;
			productName = HistoryKit;
		};
/* End XCSwiftPackageProductDependency section */
	};
	rootObject = F5F2A22F3040394A00A5DC07 /* Project object */;
}
