{
  "originHash" : "9bab06992441484ec4933930687558a668fffe1f79499d21ad81e6d4e9f56707",
  "pins" : [
    {
      "identity" : "keyboardshortcuts",
      "kind" : "remoteSourceControl",
      "location" : "https://github.com/sindresorhus/KeyboardShortcuts",
      "state" : {
        "revision" : "49c3fc04ea827f816df67843bfcc57286b47ff06",
        "version" : "3.0.1"
      }
    }
  ],
  "version" : 3
}
